{
  "originHash" : "7cc1a8adb98e7e479097625f12f232c29ea828a43c42d44306780d31a046f4b9",
  "pins" : [
    {
      "identity" : "quickpose-ios-sdk",
      "kind" : "remoteSourceControl",
      "location" : "https://github.com/quickpose/quickpose-ios-sdk.git",
      "state" : {
        "branch" : "main",
        "revision" : "1be84c04166bfc471c7663b7ef4dde09c4c7d9ec"
      }
    },
    {
      "identity" : "stripe-ios",
      "kind" : "remoteSourceControl",
      "location" : "https://github.com/stripe/stripe-ios",
      "state" : {
        "revision" : "729265b745b5969ad5fc4805c25f2d37168ca685",
        "version" : "25.3.1"
      }
    }
  ],
  "version" : 3
}
